A File Icon: 8410a140246ef39a5262e84c8e1928f9582779a8
ApiCompletions: e67e44f1fe6bf826a63c8cfcd5e05fade969ade1
bracex: fba0ad8b72b4dc18f96cc104bc37491131e8a150
ColorSchemeUnit: d9b8769fc2a81ef809cd3c00db5048010e3d0ade
DocBlockr: d1d96fa14f0507b7cd44c3f720889e23026fa568
GenerateSyntaxTestAssertions: 5e60b1a28f7952d8c34415f2f149995e3d6e21da
Gitk: ab06c4bf483e5d6e06412cecc0beaa527e68f759
GitOpen: f2e5f07a875b353616e693cb817c80460651aceb
GotoDefinitionSplit: 24b1a2551721ced2a704842348636e44782e23b1
GotoDocumentation: ccabc782662aaa494ad7bbdbce898b052c38de84
GotoPhpManual: 9017bf85904497abfebe2bc7043c3dc627531884
Khan: 8295934e1a6120210cf45fa3999ed4ad8e5a34ca
Laravel Blade Highlighter: fe4961837f6c08424eeb7850e9ca0f57a2aacb50
LaravelTestingCompletions: 64bc282293091df82f6fb82b5d5e1a2c33f3e3b4
LSP: 9e2cc4e06602137969bb001bcdabac911e864a64
LSP-eslint: 356d5b3d0ff86647481f9bebf37185804e5ca1d4
LSP-pylsp: 19ae8b0e6028914d8ec1e0c878801145401aa376
LSP-tailwindcss: 10e0682441444e5f9f69b9eea91cbc512772549d
lsp_utils: 68b61aeafeea139f23ddbc3689e34a6877d847d2
LSP-volar: 8498e34872801392db0f6ffc33795b513b27f0f0
markdown: a203a44cb09e1895791030fe7694ef16f8778cb4
MarkdownPreview: c94a1e0465188b4b526d95adeef773b88f72b928
mdpopups: e8fb5ceb9667a552c6cf3fb7e668c00df83e1d57
MonokaiFree: b6af6b02615f55ae95ca883eba3b905775746d08
NeoVintageous: be3dc9b1646e33550bc8067d5375ed4a2bddcbe9
NeoVintageousColemak: 1baa8d3e06996110e3bc781ddfc08732bd1e971a
NeoVintageousDvorak: 7d2c803f2d216169c41c002366fbddb2a35e0604
NeoVintageousFiles: e04b2d49b226e6f5fb41e5edb72ada5f7bdff62d
NeoVintageousHighlightLine: d4fa4fd7fee9ec69c1c77543d0191d9e89e84a8d
NeoVintageousLineNumbers: c7a91beeabb1b5473a3cbad228535430557ec598
NeoVintageousToggle: c643b657f573542a976a4b686f86c13b73402e74
Origami: 7369b117290d72629cf2d226e90998b8ec22fb82
Phpck: 8ef33c4f5cbbd18ba3203ae8e76b4346b50ca542
PHPGrammar: 7a6a224440c227fa550c05331039f2fdb21436b2
PHPSnippets: 3eb1c209cae584c88c4d0ee66166bfaaef1bf7cd
PHPUnitCompletions: 07077690e4067cf61baab299af517272fe7ee9c7
PHPUnitKit: c835173fe15841900ccb2104156db225c9efaf93
Pine: 3d62f5edbd435d772303d275bab92ddb3f1e7a06
pygments: 79c38267f06544ccbd4be9148d80d4b00e02eeb5
pymdownx: 0eed7cfcb43fe39b20a6be693adaa3ef03b0231e
Python-Auto-Complete: f78f1c728a2c16251f999a643e7bfc2006c5baa7
Sass: dff7d04bfb09d840e93a71f1112bb479163212b6
Sensible: c018432e1b65947dc6728829c1b50f599fe6c6d3
Sesame: f5fbf2246c2ef291dee5f0e05ad508a0729fdea8
ShowAsciiValue: 915737266b91d197711f9ae9a6a8bb7e8d0bc073
SideBarTools: c98ac7816fe39911c8fc85a7439868327454527a
sublime_lib: 6c78be3dcc3339ab17dc59b38244c3d326ab8134
SublimeLinter: 621ba9bf8d4ed4084902b8840bb1ae7d31e6a8fb
SublimeLinter-flake8: c44440ee493ee1b1b24a970336dc9ea826fd4bc8
SublimeLinter-mypy: 102808508bbf7917fd91d732487f362558f6da1a
Tailwind CSS: 48dac193be51aa9488aeef157be766c11ae5eab7
TailwindCssCompletions: 19ecf73e30406204e5a618debe2a42efd145ea0a
Test: 58524f814744e4ed4f117bea47c295aed90abc78
Tmux: c7c6891698b752d5c6050929e4896bb8caa608ae
ToggleDebugMode: 5354ba573d4364969dea17091b4cc3586e25866b
Toggler: 6adf7ed4a6bb2471f2cf287f7e054c982a974e41
typing_extensions: 70cec91bec65155dc339d631ede2a933582558df
Vue Syntax Highlight: ec6e5e72d38e97f6122688a1cef3ddb123f437c1
wcmatch: 0e7e9d68d13be68153fc8c129ec2f321f1254a0e
yaml: 86e4b126d38e7ca9338d0ad7866d28af9d083964
